Microsoft Visual Studio Solution File, Format Version 12.00
# Visual Studio Version 17
VisualStudioVersion = 17.5.2.0
MinimumVisualStudioVersion = 10.0.40219.1
Project("{FAE04EC0-301F-11D3-BF4B-00C04F79EFBC}") = "VotingWebApp", "VotingWebApp.csproj", "{3BA72083-E481-1E43-2C07-DC309FBD7724}"
EndProject
Global
	GlobalSection(SolutionConfigurationPlatforms) = preSolution
		Debug|Any CPU = Debug|Any CPU
		Release|Any CPU = Release|Any CPU
	EndGlobalSection
	GlobalSection(ProjectConfigurationPlatforms) = postSolution
		{3BA72083-E481-1E43-2C07-DC309FBD7724}.Debug|Any CPU.ActiveCfg = Debug|Any CPU
		{3BA72083-E481-1E43-2C07-DC309FBD7724}.Debug|Any CPU.Build.0 = Debug|Any CPU
		{3BA72083-E481-1E43-2C07-DC309FBD7724}.Release|Any CPU.ActiveCfg = Release|Any CPU
		{3BA72083-E481-1E43-2C07-DC309FBD7724}.Release|Any CPU.Build.0 = Release|Any CPU
	EndGlobalSection
	GlobalSection(SolutionProperties) = preSolution
		HideSolutionNode = FALSE
	EndGlobalSection
	GlobalSection(ExtensibilityGlobals) = postSolution
		SolutionGuid = {6E183ECA-4F7A-428D-B694-ADF1655D899D}
	EndGlobalSection
EndGlobal
